
Microsoft Visual Studio Solution File, Format Version 12.00
# Visual Studio Version 17
VisualStudioVersion = 17.0.31903.59
MinimumVisualStudioVersion = 10.0.40219.1
Project("{2150E333-8FDC-42A3-9474-1A3956D46DE8}") = "src", "src", "{DC86C05B-4577-4D95-B58C-14915720CF6B}"
EndProject
Project("{FAE04EC0-301F-11D3-BF4B-00C04F79EFBC}") = "EcoHarmony.Tickets.Domain", "src\EcoHarmony.Tickets.Domain\EcoHarmony.Tickets.Domain.csproj", "{D6269B15-81A0-4A6B-A4F9-FBD5B6F3A887}"
EndProject
Project("{FAE04EC0-301F-11D3-BF4B-00C04F79EFBC}") = "EcoHarmony.Tickets.Api", "src\EcoHarmony.Tickets.Api\EcoHarmony.Tickets.Api.csproj", "{5E5FB695-3A2B-4AEA-B030-215106A71FD9}"
EndProject
Project("{2150E333-8FDC-42A3-9474-1A3956D46DE8}") = "tests", "tests", "{128A0210-0287-41FD-901E-0A3B3BA09CA4}"
EndProject
Project("{FAE04EC0-301F-11D3-BF4B-00C04F79EFBC}") = "EcoHarmony.Tickets.Tests", "tests\EcoHarmony.Tickets.Tests\EcoHarmony.Tickets.Tests.csproj", "{C9A27817-6099-45E1-95D1-6389BD9DCB60}"
EndProject
Global
	GlobalSection(SolutionConfigurationPlatforms) = preSolution
		Debug|Any CPU = Debug|Any CPU
		Release|Any CPU = Release|Any CPU
	EndGlobalSection
	GlobalSection(SolutionProperties) = preSolution
		HideSolutionNode = FALSE
	EndGlobalSection
	GlobalSection(ProjectConfigurationPlatforms) = postSolution
		{D6269B15-81A0-4A6B-A4F9-FBD5B6F3A887}.Debug|Any CPU.ActiveCfg = Debug|Any CPU
		{D6269B15-81A0-4A6B-A4F9-FBD5B6F3A887}.Debug|Any CPU.Build.0 = Debug|Any CPU
		{D6269B15-81A0-4A6B-A4F9-FBD5B6F3A887}.Release|Any CPU.ActiveCfg = Release|Any CPU
		{D6269B15-81A0-4A6B-A4F9-FBD5B6F3A887}.Release|Any CPU.Build.0 = Release|Any CPU
		{5E5FB695-3A2B-4AEA-B030-215106A71FD9}.Debug|Any CPU.ActiveCfg = Debug|Any CPU
		{5E5FB695-3A2B-4AEA-B030-215106A71FD9}.Debug|Any CPU.Build.0 = Debug|Any CPU
		{5E5FB695-3A2B-4AEA-B030-215106A71FD9}.Release|Any CPU.ActiveCfg = Release|Any CPU
		{5E5FB695-3A2B-4AEA-B030-215106A71FD9}.Release|Any CPU.Build.0 = Release|Any CPU
		{C9A27817-6099-45E1-95D1-6389BD9DCB60}.Debug|Any CPU.ActiveCfg = Debug|Any CPU
		{C9A27817-6099-45E1-95D1-6389BD9DCB60}.Debug|Any CPU.Build.0 = Debug|Any CPU
		{C9A27817-6099-45E1-95D1-6389BD9DCB60}.Release|Any CPU.ActiveCfg = Release|Any CPU
		{C9A27817-6099-45E1-95D1-6389BD9DCB60}.Release|Any CPU.Build.0 = Release|Any CPU
	EndGlobalSection
	GlobalSection(NestedProjects) = preSolution
		{D6269B15-81A0-4A6B-A4F9-FBD5B6F3A887} = {DC86C05B-4577-4D95-B58C-14915720CF6B}
		{5E5FB695-3A2B-4AEA-B030-215106A71FD9} = {DC86C05B-4577-4D95-B58C-14915720CF6B}
		{C9A27817-6099-45E1-95D1-6389BD9DCB60} = {128A0210-0287-41FD-901E-0A3B3BA09CA4}
	EndGlobalSection
EndGlobal
